{
  "name": "@vex-dev/web-sdk",
  "version": "1.0.23",
  "lockfileVersion": 2,
  "requires": true,
  "packages": {
    "": {
      "name": "@vex-dev/web-sdk",
      "version": "1.0.23",
      "license": "MIT",
      "dependencies": {
        "phoenix": "1.6.7"
      },
      "devDependencies": {
        "typescript": "^4.8.3"
      }
    },
    "node_modules/phoenix": {
      "version": "1.6.7",
      "resolved": "https://registry.npmjs.org/phoenix/-/phoenix-1.6.7.tgz",
      "integrity": "sha512-vkwAcrtX0Xa6bZI1ZlNGf1VDVVd4DLTIOv+mnLUsewk1UNHBE+19M2jetfNdxdjn62P7FfFDRxgZ8PKB8RsClg=="
    },
    "node_modules/typescript": {
      "version": "4.8.3",
      "resolved": "https://registry.npmjs.org/typescript/-/typescript-4.8.3.tgz",
      "integrity": "sha512-goMHfm00nWPa8UvR/CPSvykqf6dVV8x/dp0c5mFTMTIu0u0FlGWRioyy7Nn0PGAdHxpJZnuO/ut+PpQ8UiHAig==",
      "dev": true,
      "bin": {
        "tsc": "bin/tsc",
        "tsserver": "bin/tsserver"
      },
      "engines": {
        "node": ">=4.2.0"
      }
    }
  },
  "dependencies": {
    "phoenix": {
      "version": "1.6.7",
      "resolved": "https://registry.npmjs.org/phoenix/-/phoenix-1.6.7.tgz",
      "integrity": "sha512-vkwAcrtX0Xa6bZI1ZlNGf1VDVVd4DLTIOv+mnLUsewk1UNHBE+19M2jetfNdxdjn62P7FfFDRxgZ8PKB8RsClg=="
    },
    "typescript": {
      "version": "4.8.3",
      "resolved": "https://registry.npmjs.org/typescript/-/typescript-4.8.3.tgz",
      "integrity": "sha512-goMHfm00nWPa8UvR/CPSvykqf6dVV8x/dp0c5mFTMTIu0u0FlGWRioyy7Nn0PGAdHxpJZnuO/ut+PpQ8UiHAig==",
      "dev": true
    }
  }
}
