{
  "name": "@vex.dev/web-sdk",
  "version": "2.0.4",
  "lockfileVersion": 2,
  "requires": true,
  "packages": {
    "": {
      "name": "@vex.dev/web-sdk",
      "version": "2.0.4",
      "license": "MIT",
      "dependencies": {
        "phoenix": "1.6.7"
      },
      "devDependencies": {
        "typescript": "^4.8.3"
      }
    },
    "node_modules/phoenix": {
      "version": "1.6.7",
      "resolved": "https://registry.npmjs.org/phoenix/-/phoenix-1.6.7.tgz",
      "integrity": "sha512-vkwAcrtX0Xa6bZI1ZlNGf1VDVVd4DLTIOv+mnLUsewk1UNHBE+19M2jetfNdxdjn62P7FfFDRxgZ8PKB8RsClg=="
    },
    "node_modules/typescript": {
      "version": "4.8.4",
      "resolved": "https://registry.npmjs.org/typescript/-/typescript-4.8.4.tgz",
      "integrity": "sha512-QCh+85mCy+h0IGff8r5XWzOVSbBO+KfeYrMQh7NJ58QujwcE22u+NUSmUxqF+un70P9GXKxa2HCNiTTMJknyjQ==",
      "dev": true,
      "bin": {
        "tsc": "bin/tsc",
        "tsserver": "bin/tsserver"
      },
      "engines": {
        "node": ">=4.2.0"
      }
    }
  },
  "dependencies": {
    "phoenix": {
      "version": "1.6.7",
      "resolved": "https://registry.npmjs.org/phoenix/-/phoenix-1.6.7.tgz",
      "integrity": "sha512-vkwAcrtX0Xa6bZI1ZlNGf1VDVVd4DLTIOv+mnLUsewk1UNHBE+19M2jetfNdxdjn62P7FfFDRxgZ8PKB8RsClg=="
    },
    "typescript": {
      "version": "4.8.4",
      "resolved": "https://registry.npmjs.org/typescript/-/typescript-4.8.4.tgz",
      "integrity": "sha512-QCh+85mCy+h0IGff8r5XWzOVSbBO+KfeYrMQh7NJ58QujwcE22u+NUSmUxqF+un70P9GXKxa2HCNiTTMJknyjQ==",
      "dev": true
    }
  }
}
